
Microsoft Visual Studio Solution File, Format Version 12.00
# Visual Studio Version 16
VisualStudioVersion = 16.0.31025.218
MinimumVisualStudioVersion = 10.0.40219.1
Project("{FAE04EC0-301F-11D3-BF4B-00C04F79EFBC}") = "Forum-asp-net-core-webapi", "Forum-asp-net-core-webapi\Forum-asp-net-core-webapi.csproj", "{22F43070-1591-4FE5-A153-1878C6E67EF1}"
EndProject
Global
	GlobalSection(SolutionConfigurationPlatforms) = preSolution
		Debug|Any CPU = Debug|Any CPU
		Release|Any CPU = Release|Any CPU
	EndGlobalSection
	GlobalSection(ProjectConfigurationPlatforms) = postSolution
		{22F43070-1591-4FE5-A153-1878C6E67EF1}.Debug|Any CPU.ActiveCfg = Debug|Any CPU
		{22F43070-1591-4FE5-A153-1878C6E67EF1}.Debug|Any CPU.Build.0 = Debug|Any CPU
		{22F43070-1591-4FE5-A153-1878C6E67EF1}.Release|Any CPU.ActiveCfg = Release|Any CPU
		{22F43070-1591-4FE5-A153-1878C6E67EF1}.Release|Any CPU.Build.0 = Release|Any CPU
	EndGlobalSection
	GlobalSection(SolutionProperties) = preSolution
		HideSolutionNode = FALSE
	EndGlobalSection
	GlobalSection(ExtensibilityGlobals) = postSolution
		SolutionGuid = {B5505E0A-012E-4F32-8B3D-ED2CD90E6993}
	EndGlobalSection
EndGlobal
